
Microsoft Visual Studio Solution File, Format Version 12.00
# Visual Studio Version 16
VisualStudioVersion = 16.0.29505.145
MinimumVisualStudioVersion = 10.0.40219.1
Project("{FAE04EC0-301F-11D3-BF4B-00C04F79EFBC}") = "Task0", "Task0\Task0.csproj", "{2BFD06C6-FCF7-44DB-9C89-0E950D01086D}"
EndProject
Project("{FAE04EC0-301F-11D3-BF4B-00C04F79EFBC}") = "Task1", "Task1\Task1.csproj", "{2ABD4171-186D-40E7-A277-DE9F3D0AF508}"
EndProject
Project("{FAE04EC0-301F-11D3-BF4B-00C04F79EFBC}") = "Task2", "Task2\Task2.csproj", "{B7BD9F0E-3334-4D84-84AF-261FDC1F211B}"
EndProject
Global
	GlobalSection(SolutionConfigurationPlatforms) = preSolution
		Debug|Any CPU = Debug|Any CPU
		Release|Any CPU = Release|Any CPU
	EndGlobalSection
	GlobalSection(ProjectConfigurationPlatforms) = postSolution
		{2BFD06C6-FCF7-44DB-9C89-0E950D01086D}.Debug|Any CPU.ActiveCfg = Debug|Any CPU
		{2BFD06C6-FCF7-44DB-9C89-0E950D01086D}.Debug|Any CPU.Build.0 = Debug|Any CPU
		{2BFD06C6-FCF7-44DB-9C89-0E950D01086D}.Release|Any CPU.ActiveCfg = Release|Any CPU
		{2BFD06C6-FCF7-44DB-9C89-0E950D01086D}.Release|Any CPU.Build.0 = Release|Any CPU
		{2ABD4171-186D-40E7-A277-DE9F3D0AF508}.Debug|Any CPU.ActiveCfg = Debug|Any CPU
		{2ABD4171-186D-40E7-A277-DE9F3D0AF508}.Debug|Any CPU.Build.0 = Debug|Any CPU
		{2ABD4171-186D-40E7-A277-DE9F3D0AF508}.Release|Any CPU.ActiveCfg = Release|Any CPU
		{2ABD4171-186D-40E7-A277-DE9F3D0AF508}.Release|Any CPU.Build.0 = Release|Any CPU
		{B7BD9F0E-3334-4D84-84AF-261FDC1F211B}.Debug|Any CPU.ActiveCfg = Debug|Any CPU
		{B7BD9F0E-3334-4D84-84AF-261FDC1F211B}.Debug|Any CPU.Build.0 = Debug|Any CPU
		{B7BD9F0E-3334-4D84-84AF-261FDC1F211B}.Release|Any CPU.ActiveCfg = Release|Any CPU
		{B7BD9F0E-3334-4D84-84AF-261FDC1F211B}.Release|Any CPU.Build.0 = Release|Any CPU
	EndGlobalSection
	GlobalSection(SolutionProperties) = preSolution
		HideSolutionNode = FALSE
	EndGlobalSection
	GlobalSection(ExtensibilityGlobals) = postSolution
		SolutionGuid = {C6F13041-0574-4025-AB14-857234DFDBB1}
	EndGlobalSection
EndGlobal
